
Microsoft Visual Studio Solution File, Format Version 12.00
# Visual Studio 15
VisualStudioVersion = 15.0.26228.28
MinimumVisualStudioVersion = 10.0.40219.1
Project("{2150E333-8FDC-42A3-9474-1A3956D46DE8}") = "Classes, atributos, métodos, membros estáticos", "Classes, atributos, métodos, membros estáticos", "{12CF9892-1A92-4FDC-A1E9-B2497F838E4B}"
EndProject
Project("{FAE04EC0-301F-11D3-BF4B-00C04F79EFBC}") = "ClassesEx01", "Classes, atributos, métodos, membros estáticos\ClassesEx01\ClassesEx01.csproj", "{03EDF972-4634-44F7-8DD9-80E64AC134C0}"
EndProject
Project("{FAE04EC0-301F-11D3-BF4B-00C04F79EFBC}") = "ClassesEx02", "Classes, atributos, métodos, membros estáticos\ClassesEx02\ClassesEx02.csproj", "{D5D59D3F-CFE8-4C3A-9121-015ABC8BAB9F}"
EndProject
Project("{FAE04EC0-301F-11D3-BF4B-00C04F79EFBC}") = "ClassesEx03", "Classes, atributos, métodos, membros estáticos\ClassesEx03\ClassesEx03.csproj", "{451A7D26-1341-42E1-B2DF-AF3927537AA9}"
EndProject
Project("{FAE04EC0-301F-11D3-BF4B-00C04F79EFBC}") = "ClassesEx04", "Classes, atributos, métodos, membros estáticos\ClassesEx04\ClassesEx04.csproj", "{78904CF6-8076-44FF-997C-99C3FDBEC0BF}"
EndProject
Project("{FAE04EC0-301F-11D3-BF4B-00C04F79EFBC}") = "ClassesEx05", "Classes, atributos, métodos, membros estáticos\ClassesEx05\ClassesEx05.csproj", "{8D9F7FBC-6490-47AC-991F-6711E80CD9BC}"
EndProject
Project("{FAE04EC0-301F-11D3-BF4B-00C04F79EFBC}") = "ClassesEx06", "Classes, atributos, métodos, membros estáticos\ClassesEx06\ClassesEx06.csproj", "{05013D1B-46F2-409D-A42B-2765EBA02869}"
EndProject
Project("{FAE04EC0-301F-11D3-BF4B-00C04F79EFBC}") = "MetodoEstaticosEx01", "Classes, atributos, métodos, membros estáticos\MetodoEstaticosEx01\MetodoEstaticosEx01.csproj", "{BDE96F95-0441-49BD-84B3-9C19CF8F8E1E}"
EndProject
Project("{FAE04EC0-301F-11D3-BF4B-00C04F79EFBC}") = "MetodosEstaticosEx02", "Classes, atributos, métodos, membros estáticos\MetodosEstaticosEx02\MetodosEstaticosEx02.csproj", "{9B69F1DA-53C1-48C2-8835-515F2F3212EC}"
EndProject
Project("{2150E333-8FDC-42A3-9474-1A3956D46DE8}") = "Construtores, palavra this, sobrecarga, encapsulamento", "Construtores, palavra this, sobrecarga, encapsulamento", "{834454F1-B1D9-4375-A7D1-C84E1C9E131B}"
EndProject
Project("{FAE04EC0-301F-11D3-BF4B-00C04F79EFBC}") = "ConstrutoresEx01", "Construtores, palavra this, sobrecarga, encapsulamento\ConstrutoresEx01\ConstrutoresEx01.csproj", "{672A8CE8-E947-4FF1-BFFA-DC5F2C5CC190}"
EndProject
Project("{FAE04EC0-301F-11D3-BF4B-00C04F79EFBC}") = "ConstrutoresEx02", "Construtores, palavra this, sobrecarga, encapsulamento\ConstrutoresEx02\ConstrutoresEx02.csproj", "{C43BA42B-C6CA-40AC-AEBA-F52A5457C94B}"
EndProject
Project("{FAE04EC0-301F-11D3-BF4B-00C04F79EFBC}") = "ConstrutoresEx03", "Construtores, palavra this, sobrecarga, encapsulamento\ConstrutoresEx03\ConstrutoresEx03.csproj", "{E5A3F2DA-F346-4AFB-908A-0550E300A373}"
EndProject
Project("{FAE04EC0-301F-11D3-BF4B-00C04F79EFBC}") = "ConstrutoresEx04", "Construtores, palavra this, sobrecarga, encapsulamento\ConstrutoresEx04\ConstrutoresEx04.csproj", "{ACAA926E-3003-48DF-BB11-B48D333C6A2E}"
EndProject
Project("{FAE04EC0-301F-11D3-BF4B-00C04F79EFBC}") = "ConstrutoresEx05", "Construtores, palavra this, sobrecarga, encapsulamento\ConstrutoresEx05\ConstrutoresEx05.csproj", "{BBD60DA9-20CB-4280-B680-D1C2B3D2A25E}"
EndProject
Project("{2150E333-8FDC-42A3-9474-1A3956D46DE8}") = "Comportamento de memória, arrays, listas", "Comportamento de memória, arrays, listas", "{EC3B4ED2-F52E-4897-BD2E-CCD4B674CF4F}"
EndProject
Project("{FAE04EC0-301F-11D3-BF4B-00C04F79EFBC}") = "ArraysEx01", "Comportamento de memória, arrays, listas\ArraysEx01\ArraysEx01.csproj", "{F82DF7B1-EEC7-4932-8717-E14512F09723}"
EndProject
Project("{FAE04EC0-301F-11D3-BF4B-00C04F79EFBC}") = "ArraysEx02", "Comportamento de memória, arrays, listas\ArraysEx02\ArraysEx02.csproj", "{F459D5BB-995E-4E6E-8DFD-298D7BCB8D6A}"
EndProject
Project("{FAE04EC0-301F-11D3-BF4B-00C04F79EFBC}") = "ArraysEx03", "Comportamento de memória, arrays, listas\ArraysEx03\ArraysEx03.csproj", "{8D78277E-DD13-4379-BB57-403B5662435C}"
EndProject
Project("{FAE04EC0-301F-11D3-BF4B-00C04F79EFBC}") = "ParamsEx01", "Comportamento de memória, arrays, listas\ParamsEx01\ParamsEx01.csproj", "{C4E2237F-D6B5-498B-A9B1-24E0F8E220FD}"
EndProject
Project("{FAE04EC0-301F-11D3-BF4B-00C04F79EFBC}") = "RefEx01", "Comportamento de memória, arrays, listas\RefEx01\RefEx01.csproj", "{F606F589-3BF2-4290-AA0D-0C8C573499B8}"
EndProject
Project("{FAE04EC0-301F-11D3-BF4B-00C04F79EFBC}") = "OutEx01", "Comportamento de memória, arrays, listas\OutEx01\OutEx01.csproj", "{DFBEE19F-C3F5-4D48-8A93-994906D3280A}"
EndProject
Project("{FAE04EC0-301F-11D3-BF4B-00C04F79EFBC}") = "ListEx01", "Comportamento de memória, arrays, listas\ListEx01\ListEx01.csproj", "{04B30E8E-89E6-476D-ABC7-ACE1CB109ED5}"
EndProject
Project("{FAE04EC0-301F-11D3-BF4B-00C04F79EFBC}") = "ListEx02", "Comportamento de memória, arrays, listas\ListEx02\ListEx02.csproj", "{0668FEF5-B8E6-4E27-B93C-B822F73AB9AE}"
EndProject
Project("{2150E333-8FDC-42A3-9474-1A3956D46DE8}") = "Tópicos especiais PARTE 1", "Tópicos especiais PARTE 1", "{BD1F6C5D-3E9A-454E-A759-B76218F30F63}"
EndProject
Project("{FAE04EC0-301F-11D3-BF4B-00C04F79EFBC}") = "StringFunctionsEx01", "Tópicos especiais PARTE 1\StringFunctionsEx01\StringFunctionsEx01.csproj", "{EE3464C5-BE97-4E02-A495-23C647213695}"
EndProject
Project("{FAE04EC0-301F-11D3-BF4B-00C04F79EFBC}") = "DateTimeExe01", "Tópicos especiais PARTE 1\DateTimeExe01\DateTimeExe01.csproj", "{E84D58AF-114B-421C-917A-2A8D90391FD8}"
EndProject
Project("{FAE04EC0-301F-11D3-BF4B-00C04F79EFBC}") = "TimeSpanEx01", "Tópicos especiais PARTE 1\TimeSpanEx01\TimeSpanEx01.csproj", "{0C24CCB0-FDF6-4B2D-84B8-00E1578E36FD}"
EndProject
Project("{2150E333-8FDC-42A3-9474-1A3956D46DE8}") = "Enumerações e composição", "Enumerações e composição", "{4AD40F97-B73E-4377-86E9-AE0D9B6C321D}"
EndProject
Project("{FAE04EC0-301F-11D3-BF4B-00C04F79EFBC}") = "EnumEx01", "Enumerações e composição\EnumEx01\EnumEx01.csproj", "{17E3D6CA-5B5F-415F-9FE1-71715F997525}"
EndProject
Project("{FAE04EC0-301F-11D3-BF4B-00C04F79EFBC}") = "CompositionEx01", "Enumerações e composição\Composition\CompositionEx01.csproj", "{4D34C1B3-4D90-4FC4-B14D-502129140017}"
EndProject
Global
	GlobalSection(SolutionConfigurationPlatforms) = preSolution
		Debug|Any CPU = Debug|Any CPU
		Release|Any CPU = Release|Any CPU
	EndGlobalSection
	GlobalSection(ProjectConfigurationPlatforms) = postSolution
		{03EDF972-4634-44F7-8DD9-80E64AC134C0}.Debug|Any CPU.ActiveCfg = Debug|Any CPU
		{03EDF972-4634-44F7-8DD9-80E64AC134C0}.Debug|Any CPU.Build.0 = Debug|Any CPU
		{03EDF972-4634-44F7-8DD9-80E64AC134C0}.Release|Any CPU.ActiveCfg = Release|Any CPU
		{03EDF972-4634-44F7-8DD9-80E64AC134C0}.Release|Any CPU.Build.0 = Release|Any CPU
		{D5D59D3F-CFE8-4C3A-9121-015ABC8BAB9F}.Debug|Any CPU.ActiveCfg = Debug|Any CPU
		{D5D59D3F-CFE8-4C3A-9121-015ABC8BAB9F}.Debug|Any CPU.Build.0 = Debug|Any CPU
		{D5D59D3F-CFE8-4C3A-9121-015ABC8BAB9F}.Release|Any CPU.ActiveCfg = Release|Any CPU
		{D5D59D3F-CFE8-4C3A-9121-015ABC8BAB9F}.Release|Any CPU.Build.0 = Release|Any CPU
		{451A7D26-1341-42E1-B2DF-AF3927537AA9}.Debug|Any CPU.ActiveCfg = Debug|Any CPU
		{451A7D26-1341-42E1-B2DF-AF3927537AA9}.Debug|Any CPU.Build.0 = Debug|Any CPU
		{451A7D26-1341-42E1-B2DF-AF3927537AA9}.Release|Any CPU.ActiveCfg = Release|Any CPU
		{451A7D26-1341-42E1-B2DF-AF3927537AA9}.Release|Any CPU.Build.0 = Release|Any CPU
		{78904CF6-8076-44FF-997C-99C3FDBEC0BF}.Debug|Any CPU.ActiveCfg = Debug|Any CPU
		{78904CF6-8076-44FF-997C-99C3FDBEC0BF}.Debug|Any CPU.Build.0 = Debug|Any CPU
		{78904CF6-8076-44FF-997C-99C3FDBEC0BF}.Release|Any CPU.ActiveCfg = Release|Any CPU
		{78904CF6-8076-44FF-997C-99C3FDBEC0BF}.Release|Any CPU.Build.0 = Release|Any CPU
		{8D9F7FBC-6490-47AC-991F-6711E80CD9BC}.Debug|Any CPU.ActiveCfg = Debug|Any CPU
		{8D9F7FBC-6490-47AC-991F-6711E80CD9BC}.Debug|Any CPU.Build.0 = Debug|Any CPU
		{8D9F7FBC-6490-47AC-991F-6711E80CD9BC}.Release|Any CPU.ActiveCfg = Release|Any CPU
		{8D9F7FBC-6490-47AC-991F-6711E80CD9BC}.Release|Any CPU.Build.0 = Release|Any CPU
		{05013D1B-46F2-409D-A42B-2765EBA02869}.Debug|Any CPU.ActiveCfg = Debug|Any CPU
		{05013D1B-46F2-409D-A42B-2765EBA02869}.Debug|Any CPU.Build.0 = Debug|Any CPU
		{05013D1B-46F2-409D-A42B-2765EBA02869}.Release|Any CPU.ActiveCfg = Release|Any CPU
		{05013D1B-46F2-409D-A42B-2765EBA02869}.Release|Any CPU.Build.0 = Release|Any CPU
		{BDE96F95-0441-49BD-84B3-9C19CF8F8E1E}.Debug|Any CPU.ActiveCfg = Debug|Any CPU
		{BDE96F95-0441-49BD-84B3-9C19CF8F8E1E}.Debug|Any CPU.Build.0 = Debug|Any CPU
		{BDE96F95-0441-49BD-84B3-9C19CF8F8E1E}.Release|Any CPU.ActiveCfg = Release|Any CPU
		{BDE96F95-0441-49BD-84B3-9C19CF8F8E1E}.Release|Any CPU.Build.0 = Release|Any CPU
		{9B69F1DA-53C1-48C2-8835-515F2F3212EC}.Debug|Any CPU.ActiveCfg = Debug|Any CPU
		{9B69F1DA-53C1-48C2-8835-515F2F3212EC}.Debug|Any CPU.Build.0 = Debug|Any CPU
		{9B69F1DA-53C1-48C2-8835-515F2F3212EC}.Release|Any CPU.ActiveCfg = Release|Any CPU
		{9B69F1DA-53C1-48C2-8835-515F2F3212EC}.Release|Any CPU.Build.0 = Release|Any CPU
		{672A8CE8-E947-4FF1-BFFA-DC5F2C5CC190}.Debug|Any CPU.ActiveCfg = Debug|Any CPU
		{672A8CE8-E947-4FF1-BFFA-DC5F2C5CC190}.Debug|Any CPU.Build.0 = Debug|Any CPU
		{672A8CE8-E947-4FF1-BFFA-DC5F2C5CC190}.Release|Any CPU.ActiveCfg = Release|Any CPU
		{672A8CE8-E947-4FF1-BFFA-DC5F2C5CC190}.Release|Any CPU.Build.0 = Release|Any CPU
		{C43BA42B-C6CA-40AC-AEBA-F52A5457C94B}.Debug|Any CPU.ActiveCfg = Debug|Any CPU
		{C43BA42B-C6CA-40AC-AEBA-F52A5457C94B}.Debug|Any CPU.Build.0 = Debug|Any CPU
		{C43BA42B-C6CA-40AC-AEBA-F52A5457C94B}.Release|Any CPU.ActiveCfg = Release|Any CPU
		{C43BA42B-C6CA-40AC-AEBA-F52A5457C94B}.Release|Any CPU.Build.0 = Release|Any CPU
		{E5A3F2DA-F346-4AFB-908A-0550E300A373}.Debug|Any CPU.ActiveCfg = Debug|Any CPU
		{E5A3F2DA-F346-4AFB-908A-0550E300A373}.Debug|Any CPU.Build.0 = Debug|Any CPU
		{E5A3F2DA-F346-4AFB-908A-0550E300A373}.Release|Any CPU.ActiveCfg = Release|Any CPU
		{E5A3F2DA-F346-4AFB-908A-0550E300A373}.Release|Any CPU.Build.0 = Release|Any CPU
		{ACAA926E-3003-48DF-BB11-B48D333C6A2E}.Debug|Any CPU.ActiveCfg = Debug|Any CPU
		{ACAA926E-3003-48DF-BB11-B48D333C6A2E}.Debug|Any CPU.Build.0 = Debug|Any CPU
		{ACAA926E-3003-48DF-BB11-B48D333C6A2E}.Release|Any CPU.ActiveCfg = Release|Any CPU
		{ACAA926E-3003-48DF-BB11-B48D333C6A2E}.Release|Any CPU.Build.0 = Release|Any CPU
		{BBD60DA9-20CB-4280-B680-D1C2B3D2A25E}.Debug|Any CPU.ActiveCfg = Debug|Any CPU
		{BBD60DA9-20CB-4280-B680-D1C2B3D2A25E}.Debug|Any CPU.Build.0 = Debug|Any CPU
		{BBD60DA9-20CB-4280-B680-D1C2B3D2A25E}.Release|Any CPU.ActiveCfg = Release|Any CPU
		{BBD60DA9-20CB-4280-B680-D1C2B3D2A25E}.Release|Any CPU.Build.0 = Release|Any CPU
		{F82DF7B1-EEC7-4932-8717-E14512F09723}.Debug|Any CPU.ActiveCfg = Debug|Any CPU
		{F82DF7B1-EEC7-4932-8717-E14512F09723}.Debug|Any CPU.Build.0 = Debug|Any CPU
		{F82DF7B1-EEC7-4932-8717-E14512F09723}.Release|Any CPU.ActiveCfg = Release|Any CPU
		{F82DF7B1-EEC7-4932-8717-E14512F09723}.Release|Any CPU.Build.0 = Release|Any CPU
		{F459D5BB-995E-4E6E-8DFD-298D7BCB8D6A}.Debug|Any CPU.ActiveCfg = Debug|Any CPU
		{F459D5BB-995E-4E6E-8DFD-298D7BCB8D6A}.Debug|Any CPU.Build.0 = Debug|Any CPU
		{F459D5BB-995E-4E6E-8DFD-298D7BCB8D6A}.Release|Any CPU.ActiveCfg = Release|Any CPU
		{F459D5BB-995E-4E6E-8DFD-298D7BCB8D6A}.Release|Any CPU.Build.0 = Release|Any CPU
		{8D78277E-DD13-4379-BB57-403B5662435C}.Debug|Any CPU.ActiveCfg = Debug|Any CPU
		{8D78277E-DD13-4379-BB57-403B5662435C}.Debug|Any CPU.Build.0 = Debug|Any CPU
		{8D78277E-DD13-4379-BB57-403B5662435C}.Release|Any CPU.ActiveCfg = Release|Any CPU
		{8D78277E-DD13-4379-BB57-403B5662435C}.Release|Any CPU.Build.0 = Release|Any CPU
		{C4E2237F-D6B5-498B-A9B1-24E0F8E220FD}.Debug|Any CPU.ActiveCfg = Debug|Any CPU
		{C4E2237F-D6B5-498B-A9B1-24E0F8E220FD}.Debug|Any CPU.Build.0 = Debug|Any CPU
		{C4E2237F-D6B5-498B-A9B1-24E0F8E220FD}.Release|Any CPU.ActiveCfg = Release|Any CPU
		{C4E2237F-D6B5-498B-A9B1-24E0F8E220FD}.Release|Any CPU.Build.0 = Release|Any CPU
		{F606F589-3BF2-4290-AA0D-0C8C573499B8}.Debug|Any CPU.ActiveCfg = Debug|Any CPU
		{F606F589-3BF2-4290-AA0D-0C8C573499B8}.Debug|Any CPU.Build.0 = Debug|Any CPU
		{F606F589-3BF2-4290-AA0D-0C8C573499B8}.Release|Any CPU.ActiveCfg = Release|Any CPU
		{F606F589-3BF2-4290-AA0D-0C8C573499B8}.Release|Any CPU.Build.0 = Release|Any CPU
		{DFBEE19F-C3F5-4D48-8A93-994906D3280A}.Debug|Any CPU.ActiveCfg = Debug|Any CPU
		{DFBEE19F-C3F5-4D48-8A93-994906D3280A}.Debug|Any CPU.Build.0 = Debug|Any CPU
		{DFBEE19F-C3F5-4D48-8A93-994906D3280A}.Release|Any CPU.ActiveCfg = Release|Any CPU
		{DFBEE19F-C3F5-4D48-8A93-994906D3280A}.Release|Any CPU.Build.0 = Release|Any CPU
		{04B30E8E-89E6-476D-ABC7-ACE1CB109ED5}.Debug|Any CPU.ActiveCfg = Debug|Any CPU
		{04B30E8E-89E6-476D-ABC7-ACE1CB109ED5}.Debug|Any CPU.Build.0 = Debug|Any CPU
		{04B30E8E-89E6-476D-ABC7-ACE1CB109ED5}.Release|Any CPU.ActiveCfg = Release|Any CPU
		{04B30E8E-89E6-476D-ABC7-ACE1CB109ED5}.Release|Any CPU.Build.0 = Release|Any CPU
		{0668FEF5-B8E6-4E27-B93C-B822F73AB9AE}.Debug|Any CPU.ActiveCfg = Debug|Any CPU
		{0668FEF5-B8E6-4E27-B93C-B822F73AB9AE}.Debug|Any CPU.Build.0 = Debug|Any CPU
		{0668FEF5-B8E6-4E27-B93C-B822F73AB9AE}.Release|Any CPU.ActiveCfg = Release|Any CPU
		{0668FEF5-B8E6-4E27-B93C-B822F73AB9AE}.Release|Any CPU.Build.0 = Release|Any CPU
		{EE3464C5-BE97-4E02-A495-23C647213695}.Debug|Any CPU.ActiveCfg = Debug|Any CPU
		{EE3464C5-BE97-4E02-A495-23C647213695}.Debug|Any CPU.Build.0 = Debug|Any CPU
		{EE3464C5-BE97-4E02-A495-23C647213695}.Release|Any CPU.ActiveCfg = Release|Any CPU
		{EE3464C5-BE97-4E02-A495-23C647213695}.Release|Any CPU.Build.0 = Release|Any CPU
		{E84D58AF-114B-421C-917A-2A8D90391FD8}.Debug|Any CPU.ActiveCfg = Debug|Any CPU
		{E84D58AF-114B-421C-917A-2A8D90391FD8}.Debug|Any CPU.Build.0 = Debug|Any CPU
		{E84D58AF-114B-421C-917A-2A8D90391FD8}.Release|Any CPU.ActiveCfg = Release|Any CPU
		{E84D58AF-114B-421C-917A-2A8D90391FD8}.Release|Any CPU.Build.0 = Release|Any CPU
		{0C24CCB0-FDF6-4B2D-84B8-00E1578E36FD}.Debug|Any CPU.ActiveCfg = Debug|Any CPU
		{0C24CCB0-FDF6-4B2D-84B8-00E1578E36FD}.Debug|Any CPU.Build.0 = Debug|Any CPU
		{0C24CCB0-FDF6-4B2D-84B8-00E1578E36FD}.Release|Any CPU.ActiveCfg = Release|Any CPU
		{0C24CCB0-FDF6-4B2D-84B8-00E1578E36FD}.Release|Any CPU.Build.0 = Release|Any CPU
		{17E3D6CA-5B5F-415F-9FE1-71715F997525}.Debug|Any CPU.ActiveCfg = Debug|Any CPU
		{17E3D6CA-5B5F-415F-9FE1-71715F997525}.Debug|Any CPU.Build.0 = Debug|Any CPU
		{17E3D6CA-5B5F-415F-9FE1-71715F997525}.Release|Any CPU.ActiveCfg = Release|Any CPU
		{17E3D6CA-5B5F-415F-9FE1-71715F997525}.Release|Any CPU.Build.0 = Release|Any CPU
		{4D34C1B3-4D90-4FC4-B14D-502129140017}.Debug|Any CPU.ActiveCfg = Debug|Any CPU
		{4D34C1B3-4D90-4FC4-B14D-502129140017}.Debug|Any CPU.Build.0 = Debug|Any CPU
		{4D34C1B3-4D90-4FC4-B14D-502129140017}.Release|Any CPU.ActiveCfg = Release|Any CPU
		{4D34C1B3-4D90-4FC4-B14D-502129140017}.Release|Any CPU.Build.0 = Release|Any CPU
	EndGlobalSection
	GlobalSection(SolutionProperties) = preSolution
		HideSolutionNode = FALSE
	EndGlobalSection
	GlobalSection(NestedProjects) = preSolution
		{03EDF972-4634-44F7-8DD9-80E64AC134C0} = {12CF9892-1A92-4FDC-A1E9-B2497F838E4B}
		{D5D59D3F-CFE8-4C3A-9121-015ABC8BAB9F} = {12CF9892-1A92-4FDC-A1E9-B2497F838E4B}
		{451A7D26-1341-42E1-B2DF-AF3927537AA9} = {12CF9892-1A92-4FDC-A1E9-B2497F838E4B}
		{78904CF6-8076-44FF-997C-99C3FDBEC0BF} = {12CF9892-1A92-4FDC-A1E9-B2497F838E4B}
		{8D9F7FBC-6490-47AC-991F-6711E80CD9BC} = {12CF9892-1A92-4FDC-A1E9-B2497F838E4B}
		{05013D1B-46F2-409D-A42B-2765EBA02869} = {12CF9892-1A92-4FDC-A1E9-B2497F838E4B}
		{BDE96F95-0441-49BD-84B3-9C19CF8F8E1E} = {12CF9892-1A92-4FDC-A1E9-B2497F838E4B}
		{9B69F1DA-53C1-48C2-8835-515F2F3212EC} = {12CF9892-1A92-4FDC-A1E9-B2497F838E4B}
		{672A8CE8-E947-4FF1-BFFA-DC5F2C5CC190} = {834454F1-B1D9-4375-A7D1-C84E1C9E131B}
		{C43BA42B-C6CA-40AC-AEBA-F52A5457C94B} = {834454F1-B1D9-4375-A7D1-C84E1C9E131B}
		{E5A3F2DA-F346-4AFB-908A-0550E300A373} = {834454F1-B1D9-4375-A7D1-C84E1C9E131B}
		{ACAA926E-3003-48DF-BB11-B48D333C6A2E} = {834454F1-B1D9-4375-A7D1-C84E1C9E131B}
		{BBD60DA9-20CB-4280-B680-D1C2B3D2A25E} = {834454F1-B1D9-4375-A7D1-C84E1C9E131B}
		{F82DF7B1-EEC7-4932-8717-E14512F09723} = {EC3B4ED2-F52E-4897-BD2E-CCD4B674CF4F}
		{F459D5BB-995E-4E6E-8DFD-298D7BCB8D6A} = {EC3B4ED2-F52E-4897-BD2E-CCD4B674CF4F}
		{8D78277E-DD13-4379-BB57-403B5662435C} = {EC3B4ED2-F52E-4897-BD2E-CCD4B674CF4F}
		{C4E2237F-D6B5-498B-A9B1-24E0F8E220FD} = {EC3B4ED2-F52E-4897-BD2E-CCD4B674CF4F}
		{F606F589-3BF2-4290-AA0D-0C8C573499B8} = {EC3B4ED2-F52E-4897-BD2E-CCD4B674CF4F}
		{DFBEE19F-C3F5-4D48-8A93-994906D3280A} = {EC3B4ED2-F52E-4897-BD2E-CCD4B674CF4F}
		{04B30E8E-89E6-476D-ABC7-ACE1CB109ED5} = {EC3B4ED2-F52E-4897-BD2E-CCD4B674CF4F}
		{0668FEF5-B8E6-4E27-B93C-B822F73AB9AE} = {EC3B4ED2-F52E-4897-BD2E-CCD4B674CF4F}
		{EE3464C5-BE97-4E02-A495-23C647213695} = {BD1F6C5D-3E9A-454E-A759-B76218F30F63}
		{E84D58AF-114B-421C-917A-2A8D90391FD8} = {BD1F6C5D-3E9A-454E-A759-B76218F30F63}
		{0C24CCB0-FDF6-4B2D-84B8-00E1578E36FD} = {BD1F6C5D-3E9A-454E-A759-B76218F30F63}
		{17E3D6CA-5B5F-415F-9FE1-71715F997525} = {4AD40F97-B73E-4377-86E9-AE0D9B6C321D}
		{4D34C1B3-4D90-4FC4-B14D-502129140017} = {4AD40F97-B73E-4377-86E9-AE0D9B6C321D}
	EndGlobalSection
	GlobalSection(ExtensibilityGlobals) = postSolution
		SolutionGuid = {D8ADBB4B-8197-40D1-BDED-08F5C2BDC4A0}
	EndGlobalSection
EndGlobal
